// !$*UTF8*$!
{
	archiveVersion = 1;
	classes = {
	};
	objectVersion = 50;
	objects = {

/* Begin PBXBuildFile section */
		18403E9A2147B5F80028104E /* AppDelegate.swift in Sources */ = {isa = PBXBuildFile; fileRef = 18403E992147B5F80028104E /* AppDelegate.swift */; };
		18403E9C2147B5F80028104E /* ViewController.swift in Sources */ = {isa = PBXBuildFile; fileRef = 18403E9B2147B5F80028104E /* ViewController.swift */; };
		18403E9F2147B5F80028104E /* Main.storyboard in Resources */ = {isa = PBXBuildFile; fileRef = 18403E9D2147B5F80028104E /* Main.storyboard */; };
		18403EA12147B5FA0028104E /* Assets.xcassets in Resources */ = {isa = PBXBuildFile; fileRef = 18403EA02147B5FA0028104E /* Assets.xcassets */; };
		18403EA42147B5FA0028104E /* LaunchScreen.storyboard in Resources */ = {isa = PBXBuildFile; fileRef = 18403EA22147B5FA0028104E /* LaunchScreen.storyboard */; };
		88912ECFA593C54BAD2E7295 /* Pods_ZMoney.framework in Frameworks */ = {isa = PBXBuildFile; fileRef = 25476AF49B4432B72DCAC3F7 /* Pods_ZMoney.framework */; };
/* End PBXBuildFile section */

/* Begin PBXFileReference section */
		18403E962147B5F80028104E /* ZMoney.app */ = {isa = PBXFileReference; explicitFileType = wrapper.application; includeInIndex = 0; path = ZMoney.app; sourceTree = BUILT_PRODUCTS_DIR; };
		18403E992147B5F80028104E /* AppDelegate.swift */ = {isa = PBXFileReference; lastKnownFileType = sourcecode.swift; path = AppDelegate.swift; sourceTree = "<group>"; };
		18403E9B2147B5F80028104E /* ViewController.swift */ = {isa = PBXFileReference; lastKnownFileType = sourcecode.swift; path = ViewController.swift; sourceTree = "<group>"; };
		18403E9E2147B5F80028104E /* Base */ = {isa = PBXFileReference; lastKnownFileType = file.storyboard; name = Base; path = Base.lproj/Main.storyboard; sourceTree = "<group>"; };
		18403EA02147B5FA0028104E /* Assets.xcassets */ = {isa = PBXFileReference; lastKnownFileType = folder.assetcatalog; path = Assets.xcassets; sourceTree = "<group>"; };
		18403EA32147B5FA0028104E /* Base */ = {isa = PBXFileReference; lastKnownFileType = file.storyboard; name = Base; path = Base.lproj/LaunchScreen.storyboard; sourceTree = "<group>"; };
		18403EA52147B5FA0028104E /* Info.plist */ = {isa = PBXFileReference; lastKnownFileType = text.plist.xml; path = Info.plist; sourceTree = "<group>"; };
		25476AF49B4432B72DCAC3F7 /* Pods_ZMoney.framework */ = {isa = PBXFileReference; explicitFileType = wrapper.framework; includeInIndex = 0; path = Pods_ZMoney.framework; sourceTree = BUILT_PRODUCTS_DIR; };
		AADCBFA064F378D3EFC12B71 /* Pods-ZMoney.debug.xcconfig */ = {isa = PBXFileReference; includeInIndex = 1; lastKnownFileType = text.xcconfig; name = "Pods-ZMoney.debug.xcconfig"; path = "Pods/Target Support Files/Pods-ZMoney/Pods-ZMoney.debug.xcconfig"; sourceTree = "<group>"; };
		B51E59DF69D8EB4CAB1E4E76 /* Pods-ZMoney.release.xcconfig */ = {isa = PBXFileReference; includeInIndex = 1; lastKnownFileType = text.xcconfig; name = "Pods-ZMoney.release.xcconfig"; path = "Pods/Target Support Files/Pods-ZMoney/Pods-ZMoney.release.xcconfig"; sourceTree = "<group>"; };
/* End PBXFileReference section */

/* Begin PBXFrameworksBuildPhase section */
		18403E932147B5F80028104E /* Frameworks */ = {
			isa = PBXFrameworksBuildPhase;
			buildActionMask = 2147483647;
			files = (
				88912ECFA593C54BAD2E7295 /* Pods_ZMoney.framework in Frameworks */,
			);
			runOnlyForDeploymentPostprocessing = 0;
		};
/* End PBXFrameworksBuildPhase section */

/* Begin PBXGroup section */
		06346F797F1ACB2DA684ED98 /* Pods */ = {
			isa = PBXGroup;
			children = (
				AADCBFA064F378D3EFC12B71 /* Pods-ZMoney.debug.xcconfig */,
				B51E59DF69D8EB4CAB1E4E76 /* Pods-ZMoney.release.xcconfig */,
			);
			name = Pods;
			sourceTree = "<group>";
		};
		18403E8D2147B5F80028104E = {
			isa = PBXGroup;
			children = (
				18403E982147B5F80028104E /* ZMoney */,
				18403E972147B5F80028104E /* Products */,
				06346F797F1ACB2DA684ED98 /* Pods */,
				1E6C312A2A2BA75B4E799EA9 /* Frameworks */,
			);
			sourceTree = "<group>";
		};
		18403E972147B5F80028104E /* Products */ = {
			isa = PBXGroup;
			children = (
				18403E962147B5F80028104E /* ZMoney.app */,
			);
			name = Products;
			sourceTree = "<group>";
		};
		18403E982147B5F80028104E /* ZMoney */ = {
			isa = PBXGroup;
			children = (
				18403E992147B5F80028104E /* AppDelegate.swift */,
				18403E9B2147B5F80028104E /* ViewController.swift */,
				18403E9D2147B5F80028104E /* Main.storyboard */,
				18403EA02147B5FA0028104E /* Assets.xcassets */,
				18403EA22147B5FA0028104E /* LaunchScreen.storyboard */,
				18403EA52147B5FA0028104E /* Info.plist */,
			);
			path = ZMoney;
			sourceTree = "<group>";
		};
		1E6C312A2A2BA75B4E799EA9 /* Frameworks */ = {
			isa = PBXGroup;
			children = (
				25476AF49B4432B72DCAC3F7 /* Pods_ZMoney.framework */,
			);
			name = Frameworks;
			sourceTree = "<group>";
		};
/* End PBXGroup section */

/* Begin PBXNativeTarget section */
		18403E952147B5F80028104E /* ZMoney */ = {
			isa = PBXNativeTarget;
			buildConfigurationList = 18403EA82147B5FA0028104E /* Build configuration list for PBXNativeTarget "ZMoney" */;
			buildPhases = (
				B6E5D0717F84BFB55BFF4884 /* [CP] Check Pods Manifest.lock */,
				18403E922147B5F80028104E /* Sources */,
				18403E932147B5F80028104E /* Frameworks */,
				18403E942147B5F80028104E /* Resources */,
			);
			buildRules = (
			);
			dependencies = (
			);
			name = ZMoney;
			productName = ZMoney;
			productReference = 18403E962147B5F80028104E /* ZMoney.app */;
			productType = "com.apple.product-type.application";
		};
/* End PBXNativeTarget section */

/* Begin PBXProject section */
		18403E8E2147B5F80028104E /* Project object */ = {
			isa = PBXProject;
			attributes = {
				CLASSPREFIX = ZM;
				LastSwiftUpdateCheck = 0940;
				LastUpgradeCheck = 0940;
				ORGANIZATIONNAME = apple;
				TargetAttributes = {
					18403E952147B5F80028104E = {
						CreatedOnToolsVersion = 9.4.1;
					};
				};
			};
			buildConfigurationList = 18403E912147B5F80028104E /* Build configuration list for PBXProject "ZMoney" */;
			compatibilityVersion = "Xcode 9.3";
			developmentRegion = en;
			hasScannedForEncodings = 0;
			knownRegions = (
				en,
				Base,
			);
			mainGroup = 18403E8D2147B5F80028104E;
			productRefGroup = 18403E972147B5F80028104E /* Products */;
			projectDirPath = "";
			projectRoot = "";
			targets = (
				18403E952147B5F80028104E /* ZMoney */,
			);
		};
/* End PBXProject section */

/* Begin PBXResourcesBuildPhase section */
		18403E942147B5F80028104E /* Resources */ = {
			isa = PBXResourcesBuildPhase;
			buildActionMask = 2147483647;
			files = (
				18403EA42147B5FA0028104E /* LaunchScreen.storyboard in Resources */,
				18403EA12147B5FA0028104E /* Assets.xcassets in Resources */,
				18403E9F2147B5F80028104E /* Main.storyboard in Resources */,
			);
			runOnlyForDeploymentPostprocessing = 0;
		};
/* End PBXResourcesBuildPhase section */

/* Begin PBXShellScriptBuildPhase section */
		B6E5D0717F84BFB55BFF4884 /* [CP] Check Pods Manifest.lock */ = {
			isa = PBXShellScriptBuildPhase;
			buildActionMask = 2147483647;
			files = (
			);
			inputPaths = (
				"${PODS_PODFILE_DIR_PATH}/Podfile.lock",
				"${PODS_ROOT}/Manifest.lock",
			);
			name = "[CP] Check Pods Manifest.lock";
			outputPaths = (
				"$(DERIVED_FILE_DIR)/Pods-ZMoney-checkManifestLockResult.txt",
			);
			runOnlyForDeploymentPostprocessing = 0;
			shellPath = /bin/sh;
			shellScript = "diff \"${PODS_PODFILE_DIR_PATH}/Podfile.lock\" \"${PODS_ROOT}/Manifest.lock\" > /dev/null\nif [ $? != 0 ] ; then\n    # print error to STDERR\n    echo \"error: The sandbox is not in sync with the Podfile.lock. Run 'pod install' or update your CocoaPods installation.\" >&2\n    exit 1\nfi\n# This output is used by Xcode 'outputs' to avoid re-running this script phase.\necho \"SUCCESS\" > \"${SCRIPT_OUTPUT_FILE_0}\"\n";
			showEnvVarsInLog = 0;
		};
/* End PBXShellScriptBuildPhase section */

/* Begin PBXSourcesBuildPhase section */
		18403E922147B5F80028104E /* Sources */ = {
			isa = PBXSourcesBuildPhase;
			buildActionMask = 2147483647;
			files = (
				18403E9C2147B5F80028104E /* ViewController.swift in Sources */,
				18403E9A2147B5F80028104E /* AppDelegate.swift in Sources */,
			);
			runOnlyForDeploymentPostprocessing = 0;
		};
/* End PBXSourcesBuildPhase section */

/* Begin PBXVariantGroup section */
		18403E9D2147B5F80028104E /* Main.storyboard */ = {
			isa = PBXVariantGroup;
			children = (
				18403E9E2147B5F80028104E /* Base */,
			);
			name = Main.storyboard;
			sourceTree = "<group>";
		};
		18403EA22147B5FA0028104E /* LaunchScreen.storyboard */ = {
			isa = PBXVariantGroup;
			children = (
				18403EA32147B5FA0028104E /* Base */,
			);
			name = LaunchScreen.storyboard;
			sourceTree = "<group>";
		};
/* End PBXVariantGroup section */

/* Begin XCBuildConfiguration section */
		18403EA62147B5FA0028104E /* Debug */ = {
			isa = XCBuildConfiguration;
			buildSettings = {
				ALWAYS_SEARCH_USER_PATHS = NO;
				CLANG_ANALYZER_NONNULL = YES;
				CLANG_ANALYZER_NUMBER_OBJECT_CONVERSION = YES_AGGRESSIVE;
				CLANG_CXX_LANGUAGE_STANDARD = "gnu++14";
				CLANG_CXX_LIBRARY = "libc++";
				CLANG_ENABLE_MODULES = YES;
				CLANG_ENABLE_OBJC_ARC = YES;
				CLANG_ENABLE_OBJC_WEAK = YES;
				CLANG_WARN_BLOCK_CAPTURE_AUTORELEASING = YES;
				CLANG_WARN_BOOL_CONVERSION = YES;
				CLANG_WARN_COMMA = YES;
				CLANG_WARN_CONSTANT_CONVERSION = YES;
				CLANG_WARN_DEPRECATED_OBJC_IMPLEMENTATIONS = YES;
				CLANG_WARN_DIRECT_OBJC_ISA_USAGE = YES_ERROR;
				CLANG_WARN_DOCUMENTATION_COMMENTS = YES;
				CLANG_WARN_EMPTY_BODY = YES;
				CLANG_WARN_ENUM_CONVERSION = YES;
				CLANG_WARN_INFINITE_RECURSION = YES;
				CLANG_WARN_INT_CONVERSION = YES;
				CLANG_WARN_NON_LITERAL_NULL_CONVERSION = YES;
				CLANG_WARN_OBJC_IMPLICIT_RETAIN_SELF = YES;
				CLANG_WARN_OBJC_LITERAL_CONVERSION = YES;
				CLANG_WARN_OBJC_ROOT_CLASS = YES_ERROR;
				CLANG_WARN_RANGE_LOOP_ANALYSIS = YES;
				CLANG_WARN_STRICT_PROTOTYPES = YES;
				CLANG_WARN_SUSPICIOUS_MOVE = YES;
				CLANG_WARN_UNGUARDED_AVAILABILITY = YES_AGGRESSIVE;
				CLANG_WARN_UNREACHABLE_CODE = YES;
				CLANG_WARN__DUPLICATE_METHOD_MATCH = YES;
				CODE_SIGN_IDENTITY = "iPhone Developer";
				COPY_PHASE_STRIP = NO;
				DEBUG_INFORMATION_FORMAT = dwarf;
				ENABLE_STRICT_OBJC_MSGSEND = YES;
				ENABLE_TESTABILITY = YES;
				GCC_C_LANGUAGE_STANDARD = gnu11;
				GCC_DYNAMIC_NO_PIC = NO;
				GCC_NO_COMMON_BLOCKS = YES;
				GCC_OPTIMIZATION_LEVEL = 0;
				GCC_PREPROCESSOR_DEFINITIONS = (
					"DEBUG=1",
					"$(inherited)",
				);
				GCC_WARN_64_TO_32_BIT_CONVERSION = YES;
				GCC_WARN_ABOUT_RETURN_TYPE = YES_ERROR;
				GCC_WARN_UNDECLARED_SELECTOR = YES;
				GCC_WARN_UNINITIALIZED_AUTOS = YES_AGGRESSIVE;
				GCC_WARN_UNUSED_FUNCTION = YES;
				GCC_WARN_UNUSED_VARIABLE = YES;
				IPHONEOS_DEPLOYMENT_TARGET = 11.4;
				MTL_ENABLE_DEBUG_INFO = YES;
				ONLY_ACTIVE_ARCH = YES;
				SDKROOT = iphoneos;
				SWIFT_ACTIVE_COMPILATION_CONDITIONS = DEBUG;
				SWIFT_OPTIMIZATION_LEVEL = "-Onone";
			};
			name = Debug;
		};
		18403EA72147B5FA0028104E /* Release */ = {
			isa = XCBuildConfiguration;
			buildSettings = {
				ALWAYS_SEARCH_USER_PATHS = NO;
				CLANG_ANALYZER_NONNULL = YES;
				CLANG_ANALYZER_NUMBER_OBJECT_CONVERSION = YES_AGGRESSIVE;
				CLANG_CXX_LANGUAGE_STANDARD = "gnu++14";
				CLANG_CXX_LIBRARY = "libc++";
				CLANG_ENABLE_MODULES = YES;
				CLANG_ENABLE_OBJC_ARC = YES;
				CLANG_ENABLE_OBJC_WEAK = YES;
				CLANG_WARN_BLOCK_CAPTURE_AUTORELEASING = YES;
				CLANG_WARN_BOOL_CONVERSION = YES;
				CLANG_WARN_COMMA = YES;
				CLANG_WARN_CONSTANT_CONVERSION = YES;
				CLANG_WARN_DEPRECATED_OBJC_IMPLEMENTATIONS = YES;
				CLANG_WARN_DIRECT_OBJC_ISA_USAGE = YES_ERROR;
				CLANG_WARN_DOCUMENTATION_COMMENTS = YES;
				CLANG_WARN_EMPTY_BODY = YES;
				CLANG_WARN_ENUM_CONVERSION = YES;
				CLANG_WARN_INFINITE_RECURSION = YES;
				CLANG_WARN_INT_CONVERSION = YES;
				CLANG_WARN_NON_LITERAL_NULL_CONVERSION = YES;
				CLANG_WARN_OBJC_IMPLICIT_RETAIN_SELF = YES;
				CLANG_WARN_OBJC_LITERAL_CONVERSION = YES;
				CLANG_WARN_OBJC_ROOT_CLASS = YES_ERROR;
				CLANG_WARN_RANGE_LOOP_ANALYSIS = YES;
				CLANG_WARN_STRICT_PROTOTYPES = YES;
				CLANG_WARN_SUSPICIOUS_MOVE = YES;
				CLANG_WARN_UNGUARDED_AVAILABILITY = YES_AGGRESSIVE;
				CLANG_WARN_UNREACHABLE_CODE = YES;
				CLANG_WARN__DUPLICATE_METHOD_MATCH = YES;
				CODE_SIGN_IDENTITY = "iPhone Developer";
				COPY_PHASE_STRIP = NO;
				DEBUG_INFORMATION_FORMAT = "dwarf-with-dsym";
				ENABLE_NS_ASSERTIONS = NO;
				ENABLE_STRICT_OBJC_MSGSEND = YES;
				GCC_C_LANGUAGE_STANDARD = gnu11;
				GCC_NO_COMMON_BLOCKS = YES;
				GCC_WARN_64_TO_32_BIT_CONVERSION = YES;
				GCC_WARN_ABOUT_RETURN_TYPE = YES_ERROR;
				GCC_WARN_UNDECLARED_SELECTOR = YES;
				GCC_WARN_UNINITIALIZED_AUTOS = YES_AGGRESSIVE;
				GCC_WARN_UNUSED_FUNCTION = YES;
				GCC_WARN_UNUSED_VARIABLE = YES;
				IPHONEOS_DEPLOYMENT_TARGET = 11.4;
				MTL_ENABLE_DEBUG_INFO = NO;
				SDKROOT = iphoneos;
				SWIFT_COMPILATION_MODE = wholemodule;
				SWIFT_OPTIMIZATION_LEVEL = "-O";
				VALIDATE_PRODUCT = YES;
			};
			name = Release;
		};
		18403EA92147B5FA0028104E /* Debug */ = {
			isa = XCBuildConfiguration;
			baseConfigurationReference = AADCBFA064F378D3EFC12B71 /* Pods-ZMoney.debug.xcconfig */;
			buildSettings = {
				ASSETCATALOG_COMPILER_APPICON_NAME = AppIcon;
				CODE_SIGN_STYLE = Automatic;
				DEVELOPMENT_TEAM = KTYZVUF69U;
				INFOPLIST_FILE = ZMoney/Info.plist;
				LD_RUNPATH_SEARCH_PATHS = (
					"$(inherited)",
					"@executable_path/Frameworks",
				);
				PRODUCT_BUNDLE_IDENTIFIER = com.Zmoney.cn.ZMoney;
				PRODUCT_NAME = "$(TARGET_NAME)";
				SWIFT_VERSION = 4.0;
				TARGETED_DEVICE_FAMILY = "1,2";
			};
			name = Debug;
		};
		18403EAA2147B5FA0028104E /* Release */ = {
			isa = XCBuildConfiguration;
			baseConfigurationReference = B51E59DF69D8EB4CAB1E4E76 /* Pods-ZMoney.release.xcconfig */;
			buildSettings = {
				ASSETCATALOG_COMPILER_APPICON_NAME = AppIcon;
				CODE_SIGN_STYLE = Automatic;
				DEVELOPMENT_TEAM = KTYZVUF69U;
				INFOPLIST_FILE = ZMoney/Info.plist;
				LD_RUNPATH_SEARCH_PATHS = (
					"$(inherited)",
					"@executable_path/Frameworks",
				);
				PRODUCT_BUNDLE_IDENTIFIER = com.Zmoney.cn.ZMoney;
				PRODUCT_NAME = "$(TARGET_NAME)";
				SWIFT_VERSION = 4.0;
				TARGETED_DEVICE_FAMILY = "1,2";
			};
			name = Release;
		};
/* End XCBuildConfiguration section */

/* Begin XCConfigurationList section */
		18403E912147B5F80028104E /* Build configuration list for PBXProject "ZMoney" */ = {
			isa = XCConfigurationList;
			buildConfigurations = (
				18403EA62147B5FA0028104E /* Debug */,
				18403EA72147B5FA0028104E /* Release */,
			);
			defaultConfigurationIsVisible = 0;
			defaultConfigurationName = Release;
		};
		18403EA82147B5FA0028104E /* Build configuration list for PBXNativeTarget "ZMoney" */ = {
			isa = XCConfigurationList;
			buildConfigurations = (
				18403EA92147B5FA0028104E /* Debug */,
				18403EAA2147B5FA0028104E /* Release */,
			);
			defaultConfigurationIsVisible = 0;
			defaultConfigurationName = Release;
		};
/* End XCConfigurationList section */
	};
	rootObject = 18403E8E2147B5F80028104E /* Project object */;
}
